
Microsoft Visual Studio Solution File, Format Version 12.00
# Visual Studio Version 17
VisualStudioVersion = 17.8.34330.188
MinimumVisualStudioVersion = 10.0.40219.1
Project("{888888A0-9F3D-457C-B088-3A5042F75D52}") = "TicTacToeApplication", "TicTacToeApplication\TicTacToeApplication.pyproj", "{A218CE40-3755-4564-AA6F-1FE145AAE98C}"
EndProject
Global
	GlobalSection(SolutionConfigurationPlatforms) = preSolution
		Debug|Any CPU = Debug|Any CPU
		Release|Any CPU = Release|Any CPU
	EndGlobalSection
	GlobalSection(ProjectConfigurationPlatforms) = postSolution
		{A218CE40-3755-4564-AA6F-1FE145AAE98C}.Debug|Any CPU.ActiveCfg = Debug|Any CPU
		{A218CE40-3755-4564-AA6F-1FE145AAE98C}.Release|Any CPU.ActiveCfg = Release|Any CPU
	EndGlobalSection
	GlobalSection(SolutionProperties) = preSolution
		HideSolutionNode = FALSE
	EndGlobalSection
	GlobalSection(ExtensibilityGlobals) = postSolution
		SolutionGuid = {E48F4C6A-02BE-460F-A1C2-28EA67105AB8}
	EndGlobalSection
EndGlobal
